
Microsoft Visual Studio Solution File, Format Version 12.00
# Visual Studio Version 16
VisualStudioVersion = 16.0.31205.134
MinimumVisualStudioVersion = 10.0.40219.1
Project("{FAE04EC0-301F-11D3-BF4B-00C04F79EFBC}") = "WinFormsApp2", "WinFormsApp2\WinFormsApp2.csproj", "{425C25F5-0F50-4092-A166-74A98873ABEE}"
EndProject
Global
	GlobalSection(SolutionConfigurationPlatforms) = preSolution
		Debug|Any CPU = Debug|Any CPU
		Release|Any CPU = Release|Any CPU
	EndGlobalSection
	GlobalSection(ProjectConfigurationPlatforms) = postSolution
		{425C25F5-0F50-4092-A166-74A98873ABEE}.Debug|Any CPU.ActiveCfg = Debug|Any CPU
		{425C25F5-0F50-4092-A166-74A98873ABEE}.Debug|Any CPU.Build.0 = Debug|Any CPU
		{425C25F5-0F50-4092-A166-74A98873ABEE}.Release|Any CPU.ActiveCfg = Release|Any CPU
		{425C25F5-0F50-4092-A166-74A98873ABEE}.Release|Any CPU.Build.0 = Release|Any CPU
	EndGlobalSection
	GlobalSection(SolutionProperties) = preSolution
		HideSolutionNode = FALSE
	EndGlobalSection
	GlobalSection(ExtensibilityGlobals) = postSolution
		SolutionGuid = {66E21749-714D-4124-BBC3-227C0E118D2D}
	EndGlobalSection
EndGlobal
